
Microsoft Visual Studio Solution File, Format Version 12.00
Project("{FAE04EC0-301F-11D3-BF4B-00C04F79EFBC}") = "OvertimeCalculation", "OvertimeCalculation\OvertimeCalculation.csproj", "{C61BD10D-58B0-4CE6-BD9F-5CA61D008235}"
EndProject
Project("{FAE04EC0-301F-11D3-BF4B-00C04F79EFBC}") = "OvertimeCalculationTest", "OvertimeCalculationTest\OvertimeCalculationTest.csproj", "{51F506DE-3C31-4743-9C00-6A4DE5975CF3}"
EndProject
Global
	GlobalSection(SolutionConfigurationPlatforms) = preSolution
		Debug|Any CPU = Debug|Any CPU
		Release|Any CPU = Release|Any CPU
	EndGlobalSection
	GlobalSection(ProjectConfigurationPlatforms) = postSolution
		{C61BD10D-58B0-4CE6-BD9F-5CA61D008235}.Debug|Any CPU.ActiveCfg = Debug|Any CPU
		{C61BD10D-58B0-4CE6-BD9F-5CA61D008235}.Debug|Any CPU.Build.0 = Debug|Any CPU
		{C61BD10D-58B0-4CE6-BD9F-5CA61D008235}.Release|Any CPU.ActiveCfg = Release|Any CPU
		{C61BD10D-58B0-4CE6-BD9F-5CA61D008235}.Release|Any CPU.Build.0 = Release|Any CPU
		{51F506DE-3C31-4743-9C00-6A4DE5975CF3}.Debug|Any CPU.ActiveCfg = Debug|Any CPU
		{51F506DE-3C31-4743-9C00-6A4DE5975CF3}.Debug|Any CPU.Build.0 = Debug|Any CPU
		{51F506DE-3C31-4743-9C00-6A4DE5975CF3}.Release|Any CPU.ActiveCfg = Release|Any CPU
		{51F506DE-3C31-4743-9C00-6A4DE5975CF3}.Release|Any CPU.Build.0 = Release|Any CPU
	EndGlobalSection
EndGlobal
